
Microsoft Visual Studio Solution File, Format Version 12.00
# Visual Studio 14
VisualStudioVersion = 14.0.24720.0
MinimumVisualStudioVersion = 10.0.40219.1
Project("{FAE04EC0-301F-11D3-BF4B-00C04F79EFBC}") = "SteganographyDll", "SteganographyDll\SteganographyDll.csproj", "{BF1D0808-61EB-4282-916C-41B123AB5387}"
EndProject
Project("{FAE04EC0-301F-11D3-BF4B-00C04F79EFBC}") = "SteganographyDllTests", "SteganographyDllTests\SteganographyDllTests.csproj", "{6B09C6F2-549A-4356-A516-8F4723E231CD}"
EndProject
Project("{FAE04EC0-301F-11D3-BF4B-00C04F79EFBC}") = "SteganographyUI", "SteganographyUI\SteganographyUI.csproj", "{06200289-756B-48CD-981B-91890746D2D6}"
EndProject
Global
	GlobalSection(SolutionConfigurationPlatforms) = preSolution
		Debug|Any CPU = Debug|Any CPU
		Release|Any CPU = Release|Any CPU
	EndGlobalSection
	GlobalSection(ProjectConfigurationPlatforms) = postSolution
		{BF1D0808-61EB-4282-916C-41B123AB5387}.Debug|Any CPU.ActiveCfg = Debug|Any CPU
		{BF1D0808-61EB-4282-916C-41B123AB5387}.Debug|Any CPU.Build.0 = Debug|Any CPU
		{BF1D0808-61EB-4282-916C-41B123AB5387}.Release|Any CPU.ActiveCfg = Release|Any CPU
		{BF1D0808-61EB-4282-916C-41B123AB5387}.Release|Any CPU.Build.0 = Release|Any CPU
		{6B09C6F2-549A-4356-A516-8F4723E231CD}.Debug|Any CPU.ActiveCfg = Debug|Any CPU
		{6B09C6F2-549A-4356-A516-8F4723E231CD}.Debug|Any CPU.Build.0 = Debug|Any CPU
		{6B09C6F2-549A-4356-A516-8F4723E231CD}.Release|Any CPU.ActiveCfg = Release|Any CPU
		{6B09C6F2-549A-4356-A516-8F4723E231CD}.Release|Any CPU.Build.0 = Release|Any CPU
		{06200289-756B-48CD-981B-91890746D2D6}.Debug|Any CPU.ActiveCfg = Debug|Any CPU
		{06200289-756B-48CD-981B-91890746D2D6}.Debug|Any CPU.Build.0 = Debug|Any CPU
		{06200289-756B-48CD-981B-91890746D2D6}.Release|Any CPU.ActiveCfg = Release|Any CPU
		{06200289-756B-48CD-981B-91890746D2D6}.Release|Any CPU.Build.0 = Release|Any CPU
	EndGlobalSection
	GlobalSection(SolutionProperties) = preSolution
		HideSolutionNode = FALSE
	EndGlobalSection
EndGlobal
